
Microsoft Visual Studio Solution File, Format Version 12.00
# Visual Studio Version 17
VisualStudioVersion = 17.1.32228.430
MinimumVisualStudioVersion = 10.0.40219.1
Project("{2150E333-8FDC-42A3-9474-1A3956D46DE8}") = "src", "src", "{02D58EA5-7D7E-4F6D-A5D8-03DBD63EE071}"
EndProject
Project("{2150E333-8FDC-42A3-9474-1A3956D46DE8}") = "MSHelper", "MSHelper", "{63F419B1-227E-4F21-AB33-E265E886E00E}"
EndProject
Project("{2150E333-8FDC-42A3-9474-1A3956D46DE8}") = "src", "src", "{2D402C98-48F9-49F6-BA99-0E81DFAA8612}"
EndProject
Project("{FAE04EC0-301F-11D3-BF4B-00C04F79EFBC}") = "MSHelper", "src\MSHelper\src\MSHelper\MSHelper.csproj", "{88AEE32C-0059-4D9C-BDB4-2936CF1E3C06}"
EndProject
Project("{2150E333-8FDC-42A3-9474-1A3956D46DE8}") = "MSHelper.Auth", "MSHelper.Auth", "{DE04C95F-7898-4DB2-8FBD-9B5728A0DF02}"
EndProject
Project("{2150E333-8FDC-42A3-9474-1A3956D46DE8}") = "src", "src", "{8738268C-FC89-46DF-A5B5-BF58E8D02440}"
EndProject
Project("{FAE04EC0-301F-11D3-BF4B-00C04F79EFBC}") = "MSHelper.Auth", "src\MSHelper.Auth\src\MSHelper.Auth\MSHelper.Auth.csproj", "{AF3CE879-0AFF-4539-A261-D5AC281E4C49}"
EndProject
Project("{2150E333-8FDC-42A3-9474-1A3956D46DE8}") = "MSHelper.CQRS.Queries", "MSHelper.CQRS.Queries", "{624B0FFA-3D9E-487F-88A6-D5781B35D94A}"
EndProject
Project("{2150E333-8FDC-42A3-9474-1A3956D46DE8}") = "src", "src", "{DD981B66-FFF1-4E49-B966-7CDDD3B642AE}"
EndProject
Project("{FAE04EC0-301F-11D3-BF4B-00C04F79EFBC}") = "MSHelper.CQRS.Queries", "src\MSHelper.CQRS.Queries\src\MSHelper.CQRS.Queries\MSHelper.CQRS.Queries.csproj", "{347BCA4C-891F-4F8A-9327-F9C5AD2B78B2}"
EndProject
Global
	GlobalSection(SolutionConfigurationPlatforms) = preSolution
		Debug|Any CPU = Debug|Any CPU
		Release|Any CPU = Release|Any CPU
	EndGlobalSection
	GlobalSection(ProjectConfigurationPlatforms) = postSolution
		{88AEE32C-0059-4D9C-BDB4-2936CF1E3C06}.Debug|Any CPU.ActiveCfg = Debug|Any CPU
		{88AEE32C-0059-4D9C-BDB4-2936CF1E3C06}.Debug|Any CPU.Build.0 = Debug|Any CPU
		{88AEE32C-0059-4D9C-BDB4-2936CF1E3C06}.Release|Any CPU.ActiveCfg = Release|Any CPU
		{88AEE32C-0059-4D9C-BDB4-2936CF1E3C06}.Release|Any CPU.Build.0 = Release|Any CPU
		{AF3CE879-0AFF-4539-A261-D5AC281E4C49}.Debug|Any CPU.ActiveCfg = Debug|Any CPU
		{AF3CE879-0AFF-4539-A261-D5AC281E4C49}.Debug|Any CPU.Build.0 = Debug|Any CPU
		{AF3CE879-0AFF-4539-A261-D5AC281E4C49}.Release|Any CPU.ActiveCfg = Release|Any CPU
		{AF3CE879-0AFF-4539-A261-D5AC281E4C49}.Release|Any CPU.Build.0 = Release|Any CPU
		{347BCA4C-891F-4F8A-9327-F9C5AD2B78B2}.Debug|Any CPU.ActiveCfg = Debug|Any CPU
		{347BCA4C-891F-4F8A-9327-F9C5AD2B78B2}.Debug|Any CPU.Build.0 = Debug|Any CPU
		{347BCA4C-891F-4F8A-9327-F9C5AD2B78B2}.Release|Any CPU.ActiveCfg = Release|Any CPU
		{347BCA4C-891F-4F8A-9327-F9C5AD2B78B2}.Release|Any CPU.Build.0 = Release|Any CPU
	EndGlobalSection
	GlobalSection(SolutionProperties) = preSolution
		HideSolutionNode = FALSE
	EndGlobalSection
	GlobalSection(NestedProjects) = preSolution
		{63F419B1-227E-4F21-AB33-E265E886E00E} = {02D58EA5-7D7E-4F6D-A5D8-03DBD63EE071}
		{2D402C98-48F9-49F6-BA99-0E81DFAA8612} = {63F419B1-227E-4F21-AB33-E265E886E00E}
		{88AEE32C-0059-4D9C-BDB4-2936CF1E3C06} = {2D402C98-48F9-49F6-BA99-0E81DFAA8612}
		{DE04C95F-7898-4DB2-8FBD-9B5728A0DF02} = {02D58EA5-7D7E-4F6D-A5D8-03DBD63EE071}
		{8738268C-FC89-46DF-A5B5-BF58E8D02440} = {DE04C95F-7898-4DB2-8FBD-9B5728A0DF02}
		{AF3CE879-0AFF-4539-A261-D5AC281E4C49} = {8738268C-FC89-46DF-A5B5-BF58E8D02440}
		{624B0FFA-3D9E-487F-88A6-D5781B35D94A} = {02D58EA5-7D7E-4F6D-A5D8-03DBD63EE071}
		{DD981B66-FFF1-4E49-B966-7CDDD3B642AE} = {624B0FFA-3D9E-487F-88A6-D5781B35D94A}
		{347BCA4C-891F-4F8A-9327-F9C5AD2B78B2} = {DD981B66-FFF1-4E49-B966-7CDDD3B642AE}
	EndGlobalSection
	GlobalSection(ExtensibilityGlobals) = postSolution
		SolutionGuid = {88F722CC-21D1-43CA-99B0-1FF02005A7DD}
	EndGlobalSection
EndGlobal
