
Microsoft Visual Studio Solution File, Format Version 12.00
# Visual Studio Version 17
VisualStudioVersion = 17.1.32228.430
MinimumVisualStudioVersion = 10.0.40219.1
Project("{2150E333-8FDC-42A3-9474-1A3956D46DE8}") = "src", "src", "{02D58EA5-7D7E-4F6D-A5D8-03DBD63EE071}"
EndProject
Project("{2150E333-8FDC-42A3-9474-1A3956D46DE8}") = "MSHelper", "MSHelper", "{63F419B1-227E-4F21-AB33-E265E886E00E}"
EndProject
Project("{2150E333-8FDC-42A3-9474-1A3956D46DE8}") = "src", "src", "{2D402C98-48F9-49F6-BA99-0E81DFAA8612}"
EndProject
Project("{FAE04EC0-301F-11D3-BF4B-00C04F79EFBC}") = "MSHelper", "src\MSHelper\src\MSHelper\MSHelper.csproj", "{88AEE32C-0059-4D9C-BDB4-2936CF1E3C06}"
EndProject
Project("{2150E333-8FDC-42A3-9474-1A3956D46DE8}") = "MSHelper.Auth", "MSHelper.Auth", "{DE04C95F-7898-4DB2-8FBD-9B5728A0DF02}"
EndProject
Project("{2150E333-8FDC-42A3-9474-1A3956D46DE8}") = "src", "src", "{8738268C-FC89-46DF-A5B5-BF58E8D02440}"
EndProject
Project("{FAE04EC0-301F-11D3-BF4B-00C04F79EFBC}") = "MSHelper.Auth", "src\MSHelper.Auth\src\MSHelper.Auth\MSHelper.Auth.csproj", "{AF3CE879-0AFF-4539-A261-D5AC281E4C49}"
EndProject
Project("{2150E333-8FDC-42A3-9474-1A3956D46DE8}") = "MSHelper.CQRS.Queries", "MSHelper.CQRS.Queries", "{624B0FFA-3D9E-487F-88A6-D5781B35D94A}"
EndProject
Project("{2150E333-8FDC-42A3-9474-1A3956D46DE8}") = "src", "src", "{DD981B66-FFF1-4E49-B966-7CDDD3B642AE}"
EndProject
Project("{FAE04EC0-301F-11D3-BF4B-00C04F79EFBC}") = "MSHelper.CQRS.Queries", "src\MSHelper.CQRS.Queries\src\MSHelper.CQRS.Queries\MSHelper.CQRS.Queries.csproj", "{347BCA4C-891F-4F8A-9327-F9C5AD2B78B2}"
EndProject
Project("{2150E333-8FDC-42A3-9474-1A3956D46DE8}") = "MSHelper.CQRS.Commands", "MSHelper.CQRS.Commands", "{8BA379C4-4417-4087-91A7-E10F784EBA81}"
EndProject
Project("{2150E333-8FDC-42A3-9474-1A3956D46DE8}") = "src", "src", "{9E88EBC1-AA5B-476A-A1A2-28700F32F9E7}"
EndProject
Project("{FAE04EC0-301F-11D3-BF4B-00C04F79EFBC}") = "MSHelper.CQRS.Commands", "src\MSHelper.CQRS.Commands\src\MSHelper.CQRS.Commands\MSHelper.CQRS.Commands.csproj", "{EAACEC8E-2171-4287-B372-E4EFAC63C141}"
EndProject
Project("{2150E333-8FDC-42A3-9474-1A3956D46DE8}") = "MSHelper.CQRS.Events", "MSHelper.CQRS.Events", "{03106210-3658-4611-90F5-AB39C0F2A5AA}"
EndProject
Project("{2150E333-8FDC-42A3-9474-1A3956D46DE8}") = "src", "src", "{AF8816BE-7757-485A-A45C-4EA88B42D073}"
EndProject
Project("{FAE04EC0-301F-11D3-BF4B-00C04F79EFBC}") = "MSHelper.CQRS.Events", "src\MSHelper.CQRS.Events\src\MSHelper.CQRS.Events\MSHelper.CQRS.Events.csproj", "{BF1B1AE7-214C-4F5B-A8AA-187AEC5B0713}"
EndProject
Project("{2150E333-8FDC-42A3-9474-1A3956D46DE8}") = "MSHelper.HTTP", "MSHelper.HTTP", "{676F43E2-2BFD-4099-ABEA-66A4532D7149}"
EndProject
Project("{2150E333-8FDC-42A3-9474-1A3956D46DE8}") = "src", "src", "{494DCD06-D2B8-47C5-AC90-1A1A60B0A1F3}"
EndProject
Project("{FAE04EC0-301F-11D3-BF4B-00C04F79EFBC}") = "MSHelper.HTTP", "src\MSHelper.HTTP\src\MSHelper.HTTP\MSHelper.HTTP.csproj", "{18B5F1C5-9A02-460E-A8E6-CA117DDF8306}"
EndProject
Project("{2150E333-8FDC-42A3-9474-1A3956D46DE8}") = "MSHelper.Swagger", "MSHelper.Swagger", "{B93FDEF2-AF33-4275-BE91-B5E00CFE9DD0}"
EndProject
Project("{2150E333-8FDC-42A3-9474-1A3956D46DE8}") = "src", "src", "{D018B2EB-2BAB-4C5D-A6F6-8A0017910AF1}"
EndProject
Project("{FAE04EC0-301F-11D3-BF4B-00C04F79EFBC}") = "MSHelper.Swagger", "src\MSHelper.Swagger\src\MSHelper.Swagger\MSHelper.Swagger.csproj", "{812295B4-3D52-4C98-885E-11211F335C39}"
EndProject
Project("{2150E333-8FDC-42A3-9474-1A3956D46DE8}") = "MSHelper.Logging", "MSHelper.Logging", "{CB5032EC-4EAB-4DBD-ABB2-14C8C7248C10}"
EndProject
Project("{2150E333-8FDC-42A3-9474-1A3956D46DE8}") = "src", "src", "{0095468D-3DE0-47B8-8C8D-295EBF5456CA}"
EndProject
Project("{FAE04EC0-301F-11D3-BF4B-00C04F79EFBC}") = "MSHelper.Logging", "src\MSHelper.Logging\src\MSHelper.Logging\MSHelper.Logging.csproj", "{08338549-AB8C-45B7-82CF-B5AA1505AD4A}"
EndProject
Project("{2150E333-8FDC-42A3-9474-1A3956D46DE8}") = "MSHelper.Logging.CQRS", "MSHelper.Logging.CQRS", "{85750C9A-6EE0-4EF4-9BDA-828BEF863723}"
EndProject
Project("{2150E333-8FDC-42A3-9474-1A3956D46DE8}") = "src", "src", "{EDB880DC-5570-4F38-AD94-9B80F414CA34}"
EndProject
Project("{FAE04EC0-301F-11D3-BF4B-00C04F79EFBC}") = "MSHelper.Logging.CQRS", "src\MSHelper.Logging.CQRS\src\MSHelper.Logging.CQRS\MSHelper.Logging.CQRS.csproj", "{453A5E69-6213-4345-AAC1-890AC0133524}"
EndProject
Project("{2150E333-8FDC-42A3-9474-1A3956D46DE8}") = "MSHelper.WebApi", "MSHelper.WebApi", "{3F12F471-6754-469A-8A96-3200D29DF48A}"
EndProject
Project("{2150E333-8FDC-42A3-9474-1A3956D46DE8}") = "src", "src", "{5B071CD8-5DAB-4F11-B4F2-FA89D5EAAFF8}"
EndProject
Project("{FAE04EC0-301F-11D3-BF4B-00C04F79EFBC}") = "MSHelper.WebApi", "src\MSHelper.WebApi\src\MSHelper.WebApi\MSHelper.WebApi.csproj", "{A656444A-E710-4F3C-A288-47517586A98F}"
EndProject
Project("{2150E333-8FDC-42A3-9474-1A3956D46DE8}") = "MSHelper.WebApi.CQRS", "MSHelper.WebApi.CQRS", "{CC734A67-3FD5-4AB2-95AE-DB83CB01E4C9}"
EndProject
Project("{2150E333-8FDC-42A3-9474-1A3956D46DE8}") = "src", "src", "{13DE8377-EFD9-459E-8530-A93F9B6B825E}"
EndProject
Project("{FAE04EC0-301F-11D3-BF4B-00C04F79EFBC}") = "MSHelper.WebApi.CQRS", "src\MSHelper.WebApi.CQRS\src\MSHelper.WebApi.CQRS\MSHelper.WebApi.CQRS.csproj", "{9EAB392F-C83F-40DC-9F82-8C04BD4D8192}"
EndProject
Project("{2150E333-8FDC-42A3-9474-1A3956D46DE8}") = "MSHelper.WebApi.Security", "MSHelper.WebApi.Security", "{900D99F4-B00B-47E7-839C-0EFF49BCC176}"
EndProject
Project("{2150E333-8FDC-42A3-9474-1A3956D46DE8}") = "src", "src", "{CC1E4985-4396-4AA8-B82F-6DC31835B580}"
EndProject
Project("{FAE04EC0-301F-11D3-BF4B-00C04F79EFBC}") = "MSHelper.WebApi.Security", "src\MSHelper.WebApi.Security\src\MSHelper.WebApi.Security\MSHelper.WebApi.Security.csproj", "{0B4BC648-B9E6-4AF0-8EC0-AFB742BF9F09}"
EndProject
Project("{2150E333-8FDC-42A3-9474-1A3956D46DE8}") = "MSHelper.WebApi.Swagger", "MSHelper.WebApi.Swagger", "{046B3A48-9C2B-44BA-AA22-BE5E45D3AA33}"
EndProject
Project("{2150E333-8FDC-42A3-9474-1A3956D46DE8}") = "src", "src", "{C2BE3952-138F-49F2-8F0E-2ED78E53A469}"
EndProject
Project("{FAE04EC0-301F-11D3-BF4B-00C04F79EFBC}") = "MSHelper.WebApi.Swagger", "src\MSHelper.WebApi.Swagger\src\MSHelper.WebApi.Swagger\MSHelper.WebApi.Swagger.csproj", "{101C6329-816E-4882-9200-DCBD32E790F9}"
EndProject
Project("{2150E333-8FDC-42A3-9474-1A3956D46DE8}") = "MSHelper.Security", "MSHelper.Security", "{50477941-C905-4F19-B775-D5DB2ABC9A8A}"
EndProject
Project("{2150E333-8FDC-42A3-9474-1A3956D46DE8}") = "src", "src", "{E380D52A-C358-4BAD-8A3E-880CEF17AFFF}"
EndProject
Project("{FAE04EC0-301F-11D3-BF4B-00C04F79EFBC}") = "MSHelper.Security", "src\MSHelper.Security\src\MSHelper.Security\MSHelper.Security.csproj", "{5DC859CD-DA91-4A04-9EA1-51EEE60E42A7}"
EndProject
Project("{2150E333-8FDC-42A3-9474-1A3956D46DE8}") = "MSHelper.Secrets.Vault", "MSHelper.Secrets.Vault", "{1B8738E7-E0FF-4F02-A49D-28A2A2C57509}"
EndProject
Project("{2150E333-8FDC-42A3-9474-1A3956D46DE8}") = "src", "src", "{4F43A94C-FCD0-4C8A-BE71-8CA4640C9EA2}"
EndProject
Project("{FAE04EC0-301F-11D3-BF4B-00C04F79EFBC}") = "MSHelper.Secrets.Vault", "src\MSHelper.Secrets.Vault\src\MSHelper.Secrets.Vault\MSHelper.Secrets.Vault.csproj", "{887E459C-9D83-46FF-AC7C-1B11E6EC6BEA}"
EndProject
Project("{2150E333-8FDC-42A3-9474-1A3956D46DE8}") = "MSHelper.MessageBrokers", "MSHelper.MessageBrokers", "{A3FFADAF-5047-4513-8B84-95CD47DA725B}"
EndProject
Project("{2150E333-8FDC-42A3-9474-1A3956D46DE8}") = "src", "src", "{579A2770-2764-47A8-9922-5EA9222B3F37}"
EndProject
Project("{FAE04EC0-301F-11D3-BF4B-00C04F79EFBC}") = "MSHelper.MessageBrokers", "src\MSHelper.MessageBrokers\src\MSHelper.MessageBrokers\MSHelper.MessageBrokers.csproj", "{FA57CD10-A1FC-4C70-B071-5AF08B894C41}"
EndProject
Project("{2150E333-8FDC-42A3-9474-1A3956D46DE8}") = "MSHelper.MessageBrokers.CQRS", "MSHelper.MessageBrokers.CQRS", "{12CDAAE0-4C5D-400F-BE01-E08EA5A456BD}"
EndProject
Project("{2150E333-8FDC-42A3-9474-1A3956D46DE8}") = "src", "src", "{16B8453D-5770-4F21-B80D-6E661A0435C3}"
EndProject
Project("{FAE04EC0-301F-11D3-BF4B-00C04F79EFBC}") = "MSHelper.MessageBrokers.CQRS", "src\MSHelper.MessageBrokers.CQRS\src\MSHelper.MessageBrokers.CQRS\MSHelper.MessageBrokers.CQRS.csproj", "{CEEB952E-113F-4813-91F2-DCCBA9352F1F}"
EndProject
Project("{2150E333-8FDC-42A3-9474-1A3956D46DE8}") = "MSHelper.MessageBrokers.RabbitMQ", "MSHelper.MessageBrokers.RabbitMQ", "{DB667129-737D-4F83-AE91-560F66B646DC}"
EndProject
Project("{2150E333-8FDC-42A3-9474-1A3956D46DE8}") = "src", "src", "{898CBE68-AE98-49B8-B632-82663A1462B1}"
EndProject
Project("{FAE04EC0-301F-11D3-BF4B-00C04F79EFBC}") = "MSHelper.MessageBrokers.RabbitMQ", "src\MSHelper.MessageBrokers.RabbitMQ\src\MSHelper.MessageBrokers.RabbitMQ\MSHelper.MessageBrokers.RabbitMQ.csproj", "{A88CE6D0-8A35-467F-A7EA-AD3670BC4312}"
EndProject
Project("{2150E333-8FDC-42A3-9474-1A3956D46DE8}") = "MSHelper.Tracing.Jaeger", "MSHelper.Tracing.Jaeger", "{31F20696-7A77-482C-BFBE-332BD7D9735C}"
EndProject
Project("{2150E333-8FDC-42A3-9474-1A3956D46DE8}") = "src", "src", "{DF9331CD-5C6B-4181-A37D-2B0A77787FC4}"
EndProject
Project("{FAE04EC0-301F-11D3-BF4B-00C04F79EFBC}") = "MSHelper.Tracing.Jaeger", "src\MSHelper.Tracing.Jaeger\src\MSHelper.Tracing.Jaeger\MSHelper.Tracing.Jaeger.csproj", "{579DDAC6-5F7B-4B5D-AD81-387DF6D2296E}"
EndProject
Project("{2150E333-8FDC-42A3-9474-1A3956D46DE8}") = "MSHelper.Tracing.Jaeger.RabbitMQ", "MSHelper.Tracing.Jaeger.RabbitMQ", "{33A8155B-6333-458C-A4BC-7A1CD38CE079}"
EndProject
Project("{2150E333-8FDC-42A3-9474-1A3956D46DE8}") = "src", "src", "{A4264B85-6470-4633-9706-CA9FCB029B49}"
EndProject
Project("{FAE04EC0-301F-11D3-BF4B-00C04F79EFBC}") = "MSHelper.Tracing.Jaeger.RabbitMQ", "src\MSHelper.Tracing.Jaeger.RabbitMQ\src\MSHelper.Tracing.Jaeger.RabbitMQ\MSHelper.Tracing.Jaeger.RabbitMQ.csproj", "{273D08C2-AFE0-4A7B-8F2D-7EBA7F7CD67D}"
EndProject
Project("{2150E333-8FDC-42A3-9474-1A3956D46DE8}") = "MSHelper.Metrics.AppMetrics", "MSHelper.Metrics.AppMetrics", "{8994E396-7F7C-4C84-BBA9-E9A740C982AF}"
EndProject
Project("{2150E333-8FDC-42A3-9474-1A3956D46DE8}") = "src", "src", "{5AA862F4-F81E-4832-A4CF-3E2D2EAB8F12}"
EndProject
Project("{FAE04EC0-301F-11D3-BF4B-00C04F79EFBC}") = "MSHelper.Metrics.AppMetrics", "src\MSHelper.Metrics.AppMetrics\src\MSHelper.Metrics.AppMetrics\MSHelper.Metrics.AppMetrics.csproj", "{2F411529-00CE-4ED2-87C4-9DCC7037CD28}"
EndProject
Global
	GlobalSection(SolutionConfigurationPlatforms) = preSolution
		Debug|Any CPU = Debug|Any CPU
		Release|Any CPU = Release|Any CPU
	EndGlobalSection
	GlobalSection(ProjectConfigurationPlatforms) = postSolution
		{88AEE32C-0059-4D9C-BDB4-2936CF1E3C06}.Debug|Any CPU.ActiveCfg = Debug|Any CPU
		{88AEE32C-0059-4D9C-BDB4-2936CF1E3C06}.Debug|Any CPU.Build.0 = Debug|Any CPU
		{88AEE32C-0059-4D9C-BDB4-2936CF1E3C06}.Release|Any CPU.ActiveCfg = Release|Any CPU
		{88AEE32C-0059-4D9C-BDB4-2936CF1E3C06}.Release|Any CPU.Build.0 = Release|Any CPU
		{AF3CE879-0AFF-4539-A261-D5AC281E4C49}.Debug|Any CPU.ActiveCfg = Debug|Any CPU
		{AF3CE879-0AFF-4539-A261-D5AC281E4C49}.Debug|Any CPU.Build.0 = Debug|Any CPU
		{AF3CE879-0AFF-4539-A261-D5AC281E4C49}.Release|Any CPU.ActiveCfg = Release|Any CPU
		{AF3CE879-0AFF-4539-A261-D5AC281E4C49}.Release|Any CPU.Build.0 = Release|Any CPU
		{347BCA4C-891F-4F8A-9327-F9C5AD2B78B2}.Debug|Any CPU.ActiveCfg = Debug|Any CPU
		{347BCA4C-891F-4F8A-9327-F9C5AD2B78B2}.Debug|Any CPU.Build.0 = Debug|Any CPU
		{347BCA4C-891F-4F8A-9327-F9C5AD2B78B2}.Release|Any CPU.ActiveCfg = Release|Any CPU
		{347BCA4C-891F-4F8A-9327-F9C5AD2B78B2}.Release|Any CPU.Build.0 = Release|Any CPU
		{EAACEC8E-2171-4287-B372-E4EFAC63C141}.Debug|Any CPU.ActiveCfg = Debug|Any CPU
		{EAACEC8E-2171-4287-B372-E4EFAC63C141}.Debug|Any CPU.Build.0 = Debug|Any CPU
		{EAACEC8E-2171-4287-B372-E4EFAC63C141}.Release|Any CPU.ActiveCfg = Release|Any CPU
		{EAACEC8E-2171-4287-B372-E4EFAC63C141}.Release|Any CPU.Build.0 = Release|Any CPU
		{BF1B1AE7-214C-4F5B-A8AA-187AEC5B0713}.Debug|Any CPU.ActiveCfg = Debug|Any CPU
		{BF1B1AE7-214C-4F5B-A8AA-187AEC5B0713}.Debug|Any CPU.Build.0 = Debug|Any CPU
		{BF1B1AE7-214C-4F5B-A8AA-187AEC5B0713}.Release|Any CPU.ActiveCfg = Release|Any CPU
		{BF1B1AE7-214C-4F5B-A8AA-187AEC5B0713}.Release|Any CPU.Build.0 = Release|Any CPU
		{18B5F1C5-9A02-460E-A8E6-CA117DDF8306}.Debug|Any CPU.ActiveCfg = Debug|Any CPU
		{18B5F1C5-9A02-460E-A8E6-CA117DDF8306}.Debug|Any CPU.Build.0 = Debug|Any CPU
		{18B5F1C5-9A02-460E-A8E6-CA117DDF8306}.Release|Any CPU.ActiveCfg = Release|Any CPU
		{18B5F1C5-9A02-460E-A8E6-CA117DDF8306}.Release|Any CPU.Build.0 = Release|Any CPU
		{812295B4-3D52-4C98-885E-11211F335C39}.Debug|Any CPU.ActiveCfg = Debug|Any CPU
		{812295B4-3D52-4C98-885E-11211F335C39}.Debug|Any CPU.Build.0 = Debug|Any CPU
		{812295B4-3D52-4C98-885E-11211F335C39}.Release|Any CPU.ActiveCfg = Release|Any CPU
		{812295B4-3D52-4C98-885E-11211F335C39}.Release|Any CPU.Build.0 = Release|Any CPU
		{08338549-AB8C-45B7-82CF-B5AA1505AD4A}.Debug|Any CPU.ActiveCfg = Debug|Any CPU
		{08338549-AB8C-45B7-82CF-B5AA1505AD4A}.Debug|Any CPU.Build.0 = Debug|Any CPU
		{08338549-AB8C-45B7-82CF-B5AA1505AD4A}.Release|Any CPU.ActiveCfg = Release|Any CPU
		{08338549-AB8C-45B7-82CF-B5AA1505AD4A}.Release|Any CPU.Build.0 = Release|Any CPU
		{453A5E69-6213-4345-AAC1-890AC0133524}.Debug|Any CPU.ActiveCfg = Debug|Any CPU
		{453A5E69-6213-4345-AAC1-890AC0133524}.Debug|Any CPU.Build.0 = Debug|Any CPU
		{453A5E69-6213-4345-AAC1-890AC0133524}.Release|Any CPU.ActiveCfg = Release|Any CPU
		{453A5E69-6213-4345-AAC1-890AC0133524}.Release|Any CPU.Build.0 = Release|Any CPU
		{A656444A-E710-4F3C-A288-47517586A98F}.Debug|Any CPU.ActiveCfg = Debug|Any CPU
		{A656444A-E710-4F3C-A288-47517586A98F}.Debug|Any CPU.Build.0 = Debug|Any CPU
		{A656444A-E710-4F3C-A288-47517586A98F}.Release|Any CPU.ActiveCfg = Release|Any CPU
		{A656444A-E710-4F3C-A288-47517586A98F}.Release|Any CPU.Build.0 = Release|Any CPU
		{9EAB392F-C83F-40DC-9F82-8C04BD4D8192}.Debug|Any CPU.ActiveCfg = Debug|Any CPU
		{9EAB392F-C83F-40DC-9F82-8C04BD4D8192}.Debug|Any CPU.Build.0 = Debug|Any CPU
		{9EAB392F-C83F-40DC-9F82-8C04BD4D8192}.Release|Any CPU.ActiveCfg = Release|Any CPU
		{9EAB392F-C83F-40DC-9F82-8C04BD4D8192}.Release|Any CPU.Build.0 = Release|Any CPU
		{0B4BC648-B9E6-4AF0-8EC0-AFB742BF9F09}.Debug|Any CPU.ActiveCfg = Debug|Any CPU
		{0B4BC648-B9E6-4AF0-8EC0-AFB742BF9F09}.Debug|Any CPU.Build.0 = Debug|Any CPU
		{0B4BC648-B9E6-4AF0-8EC0-AFB742BF9F09}.Release|Any CPU.ActiveCfg = Release|Any CPU
		{0B4BC648-B9E6-4AF0-8EC0-AFB742BF9F09}.Release|Any CPU.Build.0 = Release|Any CPU
		{101C6329-816E-4882-9200-DCBD32E790F9}.Debug|Any CPU.ActiveCfg = Debug|Any CPU
		{101C6329-816E-4882-9200-DCBD32E790F9}.Debug|Any CPU.Build.0 = Debug|Any CPU
		{101C6329-816E-4882-9200-DCBD32E790F9}.Release|Any CPU.ActiveCfg = Release|Any CPU
		{101C6329-816E-4882-9200-DCBD32E790F9}.Release|Any CPU.Build.0 = Release|Any CPU
		{5DC859CD-DA91-4A04-9EA1-51EEE60E42A7}.Debug|Any CPU.ActiveCfg = Debug|Any CPU
		{5DC859CD-DA91-4A04-9EA1-51EEE60E42A7}.Debug|Any CPU.Build.0 = Debug|Any CPU
		{5DC859CD-DA91-4A04-9EA1-51EEE60E42A7}.Release|Any CPU.ActiveCfg = Release|Any CPU
		{5DC859CD-DA91-4A04-9EA1-51EEE60E42A7}.Release|Any CPU.Build.0 = Release|Any CPU
		{887E459C-9D83-46FF-AC7C-1B11E6EC6BEA}.Debug|Any CPU.ActiveCfg = Debug|Any CPU
		{887E459C-9D83-46FF-AC7C-1B11E6EC6BEA}.Debug|Any CPU.Build.0 = Debug|Any CPU
		{887E459C-9D83-46FF-AC7C-1B11E6EC6BEA}.Release|Any CPU.ActiveCfg = Release|Any CPU
		{887E459C-9D83-46FF-AC7C-1B11E6EC6BEA}.Release|Any CPU.Build.0 = Release|Any CPU
		{FA57CD10-A1FC-4C70-B071-5AF08B894C41}.Debug|Any CPU.ActiveCfg = Debug|Any CPU
		{FA57CD10-A1FC-4C70-B071-5AF08B894C41}.Debug|Any CPU.Build.0 = Debug|Any CPU
		{FA57CD10-A1FC-4C70-B071-5AF08B894C41}.Release|Any CPU.ActiveCfg = Release|Any CPU
		{FA57CD10-A1FC-4C70-B071-5AF08B894C41}.Release|Any CPU.Build.0 = Release|Any CPU
		{CEEB952E-113F-4813-91F2-DCCBA9352F1F}.Debug|Any CPU.ActiveCfg = Debug|Any CPU
		{CEEB952E-113F-4813-91F2-DCCBA9352F1F}.Debug|Any CPU.Build.0 = Debug|Any CPU
		{CEEB952E-113F-4813-91F2-DCCBA9352F1F}.Release|Any CPU.ActiveCfg = Release|Any CPU
		{CEEB952E-113F-4813-91F2-DCCBA9352F1F}.Release|Any CPU.Build.0 = Release|Any CPU
		{A88CE6D0-8A35-467F-A7EA-AD3670BC4312}.Debug|Any CPU.ActiveCfg = Debug|Any CPU
		{A88CE6D0-8A35-467F-A7EA-AD3670BC4312}.Debug|Any CPU.Build.0 = Debug|Any CPU
		{A88CE6D0-8A35-467F-A7EA-AD3670BC4312}.Release|Any CPU.ActiveCfg = Release|Any CPU
		{A88CE6D0-8A35-467F-A7EA-AD3670BC4312}.Release|Any CPU.Build.0 = Release|Any CPU
		{579DDAC6-5F7B-4B5D-AD81-387DF6D2296E}.Debug|Any CPU.ActiveCfg = Debug|Any CPU
		{579DDAC6-5F7B-4B5D-AD81-387DF6D2296E}.Debug|Any CPU.Build.0 = Debug|Any CPU
		{579DDAC6-5F7B-4B5D-AD81-387DF6D2296E}.Release|Any CPU.ActiveCfg = Release|Any CPU
		{579DDAC6-5F7B-4B5D-AD81-387DF6D2296E}.Release|Any CPU.Build.0 = Release|Any CPU
		{273D08C2-AFE0-4A7B-8F2D-7EBA7F7CD67D}.Debug|Any CPU.ActiveCfg = Debug|Any CPU
		{273D08C2-AFE0-4A7B-8F2D-7EBA7F7CD67D}.Debug|Any CPU.Build.0 = Debug|Any CPU
		{273D08C2-AFE0-4A7B-8F2D-7EBA7F7CD67D}.Release|Any CPU.ActiveCfg = Release|Any CPU
		{273D08C2-AFE0-4A7B-8F2D-7EBA7F7CD67D}.Release|Any CPU.Build.0 = Release|Any CPU
		{2F411529-00CE-4ED2-87C4-9DCC7037CD28}.Debug|Any CPU.ActiveCfg = Debug|Any CPU
		{2F411529-00CE-4ED2-87C4-9DCC7037CD28}.Debug|Any CPU.Build.0 = Debug|Any CPU
		{2F411529-00CE-4ED2-87C4-9DCC7037CD28}.Release|Any CPU.ActiveCfg = Release|Any CPU
		{2F411529-00CE-4ED2-87C4-9DCC7037CD28}.Release|Any CPU.Build.0 = Release|Any CPU
	EndGlobalSection
	GlobalSection(SolutionProperties) = preSolution
		HideSolutionNode = FALSE
	EndGlobalSection
	GlobalSection(NestedProjects) = preSolution
		{63F419B1-227E-4F21-AB33-E265E886E00E} = {02D58EA5-7D7E-4F6D-A5D8-03DBD63EE071}
		{2D402C98-48F9-49F6-BA99-0E81DFAA8612} = {63F419B1-227E-4F21-AB33-E265E886E00E}
		{88AEE32C-0059-4D9C-BDB4-2936CF1E3C06} = {2D402C98-48F9-49F6-BA99-0E81DFAA8612}
		{DE04C95F-7898-4DB2-8FBD-9B5728A0DF02} = {02D58EA5-7D7E-4F6D-A5D8-03DBD63EE071}
		{8738268C-FC89-46DF-A5B5-BF58E8D02440} = {DE04C95F-7898-4DB2-8FBD-9B5728A0DF02}
		{AF3CE879-0AFF-4539-A261-D5AC281E4C49} = {8738268C-FC89-46DF-A5B5-BF58E8D02440}
		{624B0FFA-3D9E-487F-88A6-D5781B35D94A} = {02D58EA5-7D7E-4F6D-A5D8-03DBD63EE071}
		{DD981B66-FFF1-4E49-B966-7CDDD3B642AE} = {624B0FFA-3D9E-487F-88A6-D5781B35D94A}
		{347BCA4C-891F-4F8A-9327-F9C5AD2B78B2} = {DD981B66-FFF1-4E49-B966-7CDDD3B642AE}
		{8BA379C4-4417-4087-91A7-E10F784EBA81} = {02D58EA5-7D7E-4F6D-A5D8-03DBD63EE071}
		{9E88EBC1-AA5B-476A-A1A2-28700F32F9E7} = {8BA379C4-4417-4087-91A7-E10F784EBA81}
		{EAACEC8E-2171-4287-B372-E4EFAC63C141} = {9E88EBC1-AA5B-476A-A1A2-28700F32F9E7}
		{03106210-3658-4611-90F5-AB39C0F2A5AA} = {02D58EA5-7D7E-4F6D-A5D8-03DBD63EE071}
		{AF8816BE-7757-485A-A45C-4EA88B42D073} = {03106210-3658-4611-90F5-AB39C0F2A5AA}
		{BF1B1AE7-214C-4F5B-A8AA-187AEC5B0713} = {AF8816BE-7757-485A-A45C-4EA88B42D073}
		{676F43E2-2BFD-4099-ABEA-66A4532D7149} = {02D58EA5-7D7E-4F6D-A5D8-03DBD63EE071}
		{494DCD06-D2B8-47C5-AC90-1A1A60B0A1F3} = {676F43E2-2BFD-4099-ABEA-66A4532D7149}
		{18B5F1C5-9A02-460E-A8E6-CA117DDF8306} = {494DCD06-D2B8-47C5-AC90-1A1A60B0A1F3}
		{B93FDEF2-AF33-4275-BE91-B5E00CFE9DD0} = {02D58EA5-7D7E-4F6D-A5D8-03DBD63EE071}
		{D018B2EB-2BAB-4C5D-A6F6-8A0017910AF1} = {B93FDEF2-AF33-4275-BE91-B5E00CFE9DD0}
		{812295B4-3D52-4C98-885E-11211F335C39} = {D018B2EB-2BAB-4C5D-A6F6-8A0017910AF1}
		{CB5032EC-4EAB-4DBD-ABB2-14C8C7248C10} = {02D58EA5-7D7E-4F6D-A5D8-03DBD63EE071}
		{0095468D-3DE0-47B8-8C8D-295EBF5456CA} = {CB5032EC-4EAB-4DBD-ABB2-14C8C7248C10}
		{08338549-AB8C-45B7-82CF-B5AA1505AD4A} = {0095468D-3DE0-47B8-8C8D-295EBF5456CA}
		{85750C9A-6EE0-4EF4-9BDA-828BEF863723} = {02D58EA5-7D7E-4F6D-A5D8-03DBD63EE071}
		{EDB880DC-5570-4F38-AD94-9B80F414CA34} = {85750C9A-6EE0-4EF4-9BDA-828BEF863723}
		{453A5E69-6213-4345-AAC1-890AC0133524} = {EDB880DC-5570-4F38-AD94-9B80F414CA34}
		{3F12F471-6754-469A-8A96-3200D29DF48A} = {02D58EA5-7D7E-4F6D-A5D8-03DBD63EE071}
		{5B071CD8-5DAB-4F11-B4F2-FA89D5EAAFF8} = {3F12F471-6754-469A-8A96-3200D29DF48A}
		{A656444A-E710-4F3C-A288-47517586A98F} = {5B071CD8-5DAB-4F11-B4F2-FA89D5EAAFF8}
		{CC734A67-3FD5-4AB2-95AE-DB83CB01E4C9} = {02D58EA5-7D7E-4F6D-A5D8-03DBD63EE071}
		{13DE8377-EFD9-459E-8530-A93F9B6B825E} = {CC734A67-3FD5-4AB2-95AE-DB83CB01E4C9}
		{9EAB392F-C83F-40DC-9F82-8C04BD4D8192} = {13DE8377-EFD9-459E-8530-A93F9B6B825E}
		{900D99F4-B00B-47E7-839C-0EFF49BCC176} = {02D58EA5-7D7E-4F6D-A5D8-03DBD63EE071}
		{CC1E4985-4396-4AA8-B82F-6DC31835B580} = {900D99F4-B00B-47E7-839C-0EFF49BCC176}
		{0B4BC648-B9E6-4AF0-8EC0-AFB742BF9F09} = {CC1E4985-4396-4AA8-B82F-6DC31835B580}
		{046B3A48-9C2B-44BA-AA22-BE5E45D3AA33} = {02D58EA5-7D7E-4F6D-A5D8-03DBD63EE071}
		{C2BE3952-138F-49F2-8F0E-2ED78E53A469} = {046B3A48-9C2B-44BA-AA22-BE5E45D3AA33}
		{101C6329-816E-4882-9200-DCBD32E790F9} = {C2BE3952-138F-49F2-8F0E-2ED78E53A469}
		{50477941-C905-4F19-B775-D5DB2ABC9A8A} = {02D58EA5-7D7E-4F6D-A5D8-03DBD63EE071}
		{E380D52A-C358-4BAD-8A3E-880CEF17AFFF} = {50477941-C905-4F19-B775-D5DB2ABC9A8A}
		{5DC859CD-DA91-4A04-9EA1-51EEE60E42A7} = {E380D52A-C358-4BAD-8A3E-880CEF17AFFF}
		{1B8738E7-E0FF-4F02-A49D-28A2A2C57509} = {02D58EA5-7D7E-4F6D-A5D8-03DBD63EE071}
		{4F43A94C-FCD0-4C8A-BE71-8CA4640C9EA2} = {1B8738E7-E0FF-4F02-A49D-28A2A2C57509}
		{887E459C-9D83-46FF-AC7C-1B11E6EC6BEA} = {4F43A94C-FCD0-4C8A-BE71-8CA4640C9EA2}
		{A3FFADAF-5047-4513-8B84-95CD47DA725B} = {02D58EA5-7D7E-4F6D-A5D8-03DBD63EE071}
		{579A2770-2764-47A8-9922-5EA9222B3F37} = {A3FFADAF-5047-4513-8B84-95CD47DA725B}
		{FA57CD10-A1FC-4C70-B071-5AF08B894C41} = {579A2770-2764-47A8-9922-5EA9222B3F37}
		{12CDAAE0-4C5D-400F-BE01-E08EA5A456BD} = {02D58EA5-7D7E-4F6D-A5D8-03DBD63EE071}
		{16B8453D-5770-4F21-B80D-6E661A0435C3} = {12CDAAE0-4C5D-400F-BE01-E08EA5A456BD}
		{CEEB952E-113F-4813-91F2-DCCBA9352F1F} = {16B8453D-5770-4F21-B80D-6E661A0435C3}
		{DB667129-737D-4F83-AE91-560F66B646DC} = {02D58EA5-7D7E-4F6D-A5D8-03DBD63EE071}
		{898CBE68-AE98-49B8-B632-82663A1462B1} = {DB667129-737D-4F83-AE91-560F66B646DC}
		{A88CE6D0-8A35-467F-A7EA-AD3670BC4312} = {898CBE68-AE98-49B8-B632-82663A1462B1}
		{31F20696-7A77-482C-BFBE-332BD7D9735C} = {02D58EA5-7D7E-4F6D-A5D8-03DBD63EE071}
		{DF9331CD-5C6B-4181-A37D-2B0A77787FC4} = {31F20696-7A77-482C-BFBE-332BD7D9735C}
		{579DDAC6-5F7B-4B5D-AD81-387DF6D2296E} = {DF9331CD-5C6B-4181-A37D-2B0A77787FC4}
		{33A8155B-6333-458C-A4BC-7A1CD38CE079} = {02D58EA5-7D7E-4F6D-A5D8-03DBD63EE071}
		{A4264B85-6470-4633-9706-CA9FCB029B49} = {33A8155B-6333-458C-A4BC-7A1CD38CE079}
		{273D08C2-AFE0-4A7B-8F2D-7EBA7F7CD67D} = {A4264B85-6470-4633-9706-CA9FCB029B49}
		{8994E396-7F7C-4C84-BBA9-E9A740C982AF} = {02D58EA5-7D7E-4F6D-A5D8-03DBD63EE071}
		{5AA862F4-F81E-4832-A4CF-3E2D2EAB8F12} = {8994E396-7F7C-4C84-BBA9-E9A740C982AF}
		{2F411529-00CE-4ED2-87C4-9DCC7037CD28} = {5AA862F4-F81E-4832-A4CF-3E2D2EAB8F12}
	EndGlobalSection
	GlobalSection(ExtensibilityGlobals) = postSolution
		SolutionGuid = {88F722CC-21D1-43CA-99B0-1FF02005A7DD}
	EndGlobalSection
EndGlobal
